
Microsoft Visual Studio Solution File, Format Version 12.00
# Visual Studio Version 17
VisualStudioVersion = 17.13.35931.197
MinimumVisualStudioVersion = 10.0.40219.1
Project("{2150E333-8FDC-42A3-9474-1A3956D46DE8}") = "LeadSolution", "LeadSolution", "{02EA681E-C7D8-13C7-8484-4AC65E1B71E8}"
EndProject
Project("{2150E333-8FDC-42A3-9474-1A3956D46DE8}") = "Core", "Core", "{8B78C7DA-EDBC-4697-B5F5-073066996E74}"
EndProject
Project("{2150E333-8FDC-42A3-9474-1A3956D46DE8}") = "Application", "Application", "{E429B56C-E377-4EE8-9717-80D68F10B232}"
EndProject
Project("{2150E333-8FDC-42A3-9474-1A3956D46DE8}") = "Infrastructure", "Infrastructure", "{E9330585-761E-4AAE-96DF-5B598AA02C74}"
EndProject
Project("{2150E333-8FDC-42A3-9474-1A3956D46DE8}") = "API", "API", "{23E9DC47-882A-49D6-A73E-4C384648D677}"
EndProject
Project("{FAE04EC0-301F-11D3-BF4B-00C04F79EFBC}") = "Core.Models", "Core.Models\Core.Models.csproj", "{E7CFFBFD-C0EF-4379-A79C-48FBC6B41DDF}"
EndProject
Project("{FAE04EC0-301F-11D3-BF4B-00C04F79EFBC}") = "Core.ViewModels", "Core.ViewModels\Core.ViewModels.csproj", "{351E82EC-2EEA-4B48-B53F-251563C9C16D}"
EndProject
Project("{FAE04EC0-301F-11D3-BF4B-00C04F79EFBC}") = "Lead.Api", "Lead.Api\Lead.Api.csproj", "{4C53F8EE-5E77-4B9C-9F9F-353E1D17E814}"
EndProject
Project("{FAE04EC0-301F-11D3-BF4B-00C04F79EFBC}") = "Infrastructure.Repositories", "Infrastructure.Repositories\Infrastructure.Repositories.csproj", "{BF36A5F6-7CE9-42F0-8DB4-D343FF4F20C0}"
EndProject
Project("{FAE04EC0-301F-11D3-BF4B-00C04F79EFBC}") = "Application.Interfaces", "Application.Interfaces\Application.Interfaces.csproj", "{B1919B93-0D23-4568-A128-FE56801919BB}"
EndProject
Project("{FAE04EC0-301F-11D3-BF4B-00C04F79EFBC}") = "Application.Services", "Application.Services\Application.Services.csproj", "{87BF6041-621C-4EE9-A04F-EF3BEC71891A}"
EndProject
Project("{FAE04EC0-301F-11D3-BF4B-00C04F79EFBC}") = "Common.Utils", "Common.Utils\Common.Utils.csproj", "{DDDAFFAD-F6FE-4D70-B392-C95C69B11D2B}"
EndProject
Project("{2150E333-8FDC-42A3-9474-1A3956D46DE8}") = "Common", "Common", "{E08C1E43-4019-4E17-B347-EEB8047DABBC}"
EndProject
Project("{2150E333-8FDC-42A3-9474-1A3956D46DE8}") = "Web", "Web", "{219DE2C9-9CEE-4282-A2EA-E027848B6025}"
EndProject
Project("{FAE04EC0-301F-11D3-BF4B-00C04F79EFBC}") = "Lead.UI", "Lead.UI\Lead.UI.csproj", "{740B75F1-3488-47F0-80DC-D605A23C2C31}"
EndProject
Project("{FAE04EC0-301F-11D3-BF4B-00C04F79EFBC}") = "Common.Extentions", "Common.Extentions\Common.Extentions.csproj", "{7B706B6D-C1E6-4986-A51F-777AB00D82C5}"
EndProject
Project("{FAE04EC0-301F-11D3-BF4B-00C04F79EFBC}") = "Infrastructure.Interfaces", "Infrastructure.Interfaces\Infrastructure.Interfaces.csproj", "{514DCB17-61D9-43C6-A848-CBFCABEC972D}"
EndProject
Project("{FAE04EC0-301F-11D3-BF4B-00C04F79EFBC}") = "Common.DI", "Common.DI\Common.DI.csproj", "{A4E48765-B9EF-462E-BEA6-71CD49CD9710}"
EndProject
Project("{2150E333-8FDC-42A3-9474-1A3956D46DE8}") = "Mobile", "Mobile", "{E0FA5C25-5F87-45FF-9904-23C3B1239118}"
EndProject
Project("{FAE04EC0-301F-11D3-BF4B-00C04F79EFBC}") = "Lead.Mobile", "Lead.Mobile\Lead.Mobile.csproj", "{044CB9EC-FD97-453F-BA86-EE3D3C39F05E}"
EndProject
Global
	GlobalSection(SolutionConfigurationPlatforms) = preSolution
		Debug|Any CPU = Debug|Any CPU
		Release|Any CPU = Release|Any CPU
	EndGlobalSection
	GlobalSection(ProjectConfigurationPlatforms) = postSolution
		{E7CFFBFD-C0EF-4379-A79C-48FBC6B41DDF}.Debug|Any CPU.ActiveCfg = Debug|Any CPU
		{E7CFFBFD-C0EF-4379-A79C-48FBC6B41DDF}.Debug|Any CPU.Build.0 = Debug|Any CPU
		{E7CFFBFD-C0EF-4379-A79C-48FBC6B41DDF}.Release|Any CPU.ActiveCfg = Release|Any CPU
		{E7CFFBFD-C0EF-4379-A79C-48FBC6B41DDF}.Release|Any CPU.Build.0 = Release|Any CPU
		{351E82EC-2EEA-4B48-B53F-251563C9C16D}.Debug|Any CPU.ActiveCfg = Debug|Any CPU
		{351E82EC-2EEA-4B48-B53F-251563C9C16D}.Debug|Any CPU.Build.0 = Debug|Any CPU
		{351E82EC-2EEA-4B48-B53F-251563C9C16D}.Release|Any CPU.ActiveCfg = Release|Any CPU
		{351E82EC-2EEA-4B48-B53F-251563C9C16D}.Release|Any CPU.Build.0 = Release|Any CPU
		{4C53F8EE-5E77-4B9C-9F9F-353E1D17E814}.Debug|Any CPU.ActiveCfg = Debug|Any CPU
		{4C53F8EE-5E77-4B9C-9F9F-353E1D17E814}.Debug|Any CPU.Build.0 = Debug|Any CPU
		{4C53F8EE-5E77-4B9C-9F9F-353E1D17E814}.Release|Any CPU.ActiveCfg = Release|Any CPU
		{4C53F8EE-5E77-4B9C-9F9F-353E1D17E814}.Release|Any CPU.Build.0 = Release|Any CPU
		{BF36A5F6-7CE9-42F0-8DB4-D343FF4F20C0}.Debug|Any CPU.ActiveCfg = Debug|Any CPU
		{BF36A5F6-7CE9-42F0-8DB4-D343FF4F20C0}.Debug|Any CPU.Build.0 = Debug|Any CPU
		{BF36A5F6-7CE9-42F0-8DB4-D343FF4F20C0}.Release|Any CPU.ActiveCfg = Release|Any CPU
		{BF36A5F6-7CE9-42F0-8DB4-D343FF4F20C0}.Release|Any CPU.Build.0 = Release|Any CPU
		{B1919B93-0D23-4568-A128-FE56801919BB}.Debug|Any CPU.ActiveCfg = Debug|Any CPU
		{B1919B93-0D23-4568-A128-FE56801919BB}.Debug|Any CPU.Build.0 = Debug|Any CPU
		{B1919B93-0D23-4568-A128-FE56801919BB}.Release|Any CPU.ActiveCfg = Release|Any CPU
		{B1919B93-0D23-4568-A128-FE56801919BB}.Release|Any CPU.Build.0 = Release|Any CPU
		{87BF6041-621C-4EE9-A04F-EF3BEC71891A}.Debug|Any CPU.ActiveCfg = Debug|Any CPU
		{87BF6041-621C-4EE9-A04F-EF3BEC71891A}.Debug|Any CPU.Build.0 = Debug|Any CPU
		{87BF6041-621C-4EE9-A04F-EF3BEC71891A}.Release|Any CPU.ActiveCfg = Release|Any CPU
		{87BF6041-621C-4EE9-A04F-EF3BEC71891A}.Release|Any CPU.Build.0 = Release|Any CPU
		{DDDAFFAD-F6FE-4D70-B392-C95C69B11D2B}.Debug|Any CPU.ActiveCfg = Debug|Any CPU
		{DDDAFFAD-F6FE-4D70-B392-C95C69B11D2B}.Debug|Any CPU.Build.0 = Debug|Any CPU
		{DDDAFFAD-F6FE-4D70-B392-C95C69B11D2B}.Release|Any CPU.ActiveCfg = Release|Any CPU
		{DDDAFFAD-F6FE-4D70-B392-C95C69B11D2B}.Release|Any CPU.Build.0 = Release|Any CPU
		{740B75F1-3488-47F0-80DC-D605A23C2C31}.Debug|Any CPU.ActiveCfg = Debug|Any CPU
		{740B75F1-3488-47F0-80DC-D605A23C2C31}.Debug|Any CPU.Build.0 = Debug|Any CPU
		{740B75F1-3488-47F0-80DC-D605A23C2C31}.Release|Any CPU.ActiveCfg = Release|Any CPU
		{740B75F1-3488-47F0-80DC-D605A23C2C31}.Release|Any CPU.Build.0 = Release|Any CPU
		{7B706B6D-C1E6-4986-A51F-777AB00D82C5}.Debug|Any CPU.ActiveCfg = Debug|Any CPU
		{7B706B6D-C1E6-4986-A51F-777AB00D82C5}.Debug|Any CPU.Build.0 = Debug|Any CPU
		{7B706B6D-C1E6-4986-A51F-777AB00D82C5}.Release|Any CPU.ActiveCfg = Release|Any CPU
		{7B706B6D-C1E6-4986-A51F-777AB00D82C5}.Release|Any CPU.Build.0 = Release|Any CPU
		{514DCB17-61D9-43C6-A848-CBFCABEC972D}.Debug|Any CPU.ActiveCfg = Debug|Any CPU
		{514DCB17-61D9-43C6-A848-CBFCABEC972D}.Debug|Any CPU.Build.0 = Debug|Any CPU
		{514DCB17-61D9-43C6-A848-CBFCABEC972D}.Release|Any CPU.ActiveCfg = Release|Any CPU
		{514DCB17-61D9-43C6-A848-CBFCABEC972D}.Release|Any CPU.Build.0 = Release|Any CPU
		{A4E48765-B9EF-462E-BEA6-71CD49CD9710}.Debug|Any CPU.ActiveCfg = Debug|Any CPU
		{A4E48765-B9EF-462E-BEA6-71CD49CD9710}.Debug|Any CPU.Build.0 = Debug|Any CPU
		{A4E48765-B9EF-462E-BEA6-71CD49CD9710}.Release|Any CPU.ActiveCfg = Release|Any CPU
		{A4E48765-B9EF-462E-BEA6-71CD49CD9710}.Release|Any CPU.Build.0 = Release|Any CPU
		{044CB9EC-FD97-453F-BA86-EE3D3C39F05E}.Debug|Any CPU.ActiveCfg = Debug|Any CPU
		{044CB9EC-FD97-453F-BA86-EE3D3C39F05E}.Debug|Any CPU.Build.0 = Debug|Any CPU
		{044CB9EC-FD97-453F-BA86-EE3D3C39F05E}.Release|Any CPU.ActiveCfg = Release|Any CPU
		{044CB9EC-FD97-453F-BA86-EE3D3C39F05E}.Release|Any CPU.Build.0 = Release|Any CPU
	EndGlobalSection
	GlobalSection(SolutionProperties) = preSolution
		HideSolutionNode = FALSE
	EndGlobalSection
	GlobalSection(NestedProjects) = preSolution
		{8B78C7DA-EDBC-4697-B5F5-073066996E74} = {02EA681E-C7D8-13C7-8484-4AC65E1B71E8}
		{E429B56C-E377-4EE8-9717-80D68F10B232} = {02EA681E-C7D8-13C7-8484-4AC65E1B71E8}
		{E9330585-761E-4AAE-96DF-5B598AA02C74} = {02EA681E-C7D8-13C7-8484-4AC65E1B71E8}
		{23E9DC47-882A-49D6-A73E-4C384648D677} = {02EA681E-C7D8-13C7-8484-4AC65E1B71E8}
		{E7CFFBFD-C0EF-4379-A79C-48FBC6B41DDF} = {8B78C7DA-EDBC-4697-B5F5-073066996E74}
		{351E82EC-2EEA-4B48-B53F-251563C9C16D} = {8B78C7DA-EDBC-4697-B5F5-073066996E74}
		{4C53F8EE-5E77-4B9C-9F9F-353E1D17E814} = {23E9DC47-882A-49D6-A73E-4C384648D677}
		{BF36A5F6-7CE9-42F0-8DB4-D343FF4F20C0} = {E9330585-761E-4AAE-96DF-5B598AA02C74}
		{B1919B93-0D23-4568-A128-FE56801919BB} = {E429B56C-E377-4EE8-9717-80D68F10B232}
		{87BF6041-621C-4EE9-A04F-EF3BEC71891A} = {E429B56C-E377-4EE8-9717-80D68F10B232}
		{DDDAFFAD-F6FE-4D70-B392-C95C69B11D2B} = {E08C1E43-4019-4E17-B347-EEB8047DABBC}
		{E08C1E43-4019-4E17-B347-EEB8047DABBC} = {02EA681E-C7D8-13C7-8484-4AC65E1B71E8}
		{219DE2C9-9CEE-4282-A2EA-E027848B6025} = {02EA681E-C7D8-13C7-8484-4AC65E1B71E8}
		{740B75F1-3488-47F0-80DC-D605A23C2C31} = {219DE2C9-9CEE-4282-A2EA-E027848B6025}
		{7B706B6D-C1E6-4986-A51F-777AB00D82C5} = {E08C1E43-4019-4E17-B347-EEB8047DABBC}
		{514DCB17-61D9-43C6-A848-CBFCABEC972D} = {E9330585-761E-4AAE-96DF-5B598AA02C74}
		{A4E48765-B9EF-462E-BEA6-71CD49CD9710} = {E08C1E43-4019-4E17-B347-EEB8047DABBC}
		{E0FA5C25-5F87-45FF-9904-23C3B1239118} = {02EA681E-C7D8-13C7-8484-4AC65E1B71E8}
		{044CB9EC-FD97-453F-BA86-EE3D3C39F05E} = {E0FA5C25-5F87-45FF-9904-23C3B1239118}
	EndGlobalSection
	GlobalSection(ExtensibilityGlobals) = postSolution
		SolutionGuid = {5A2D59CB-8AB0-4FBB-8DCE-C1707D633067}
	EndGlobalSection
EndGlobal
